
Microsoft Visual Studio Solution File, Format Version 12.00
# Visual Studio 15
VisualStudioVersion = 15.0.26020.0
MinimumVisualStudioVersion = 10.0.40219.1
Project("{2150E333-8FDC-42A3-9474-1A3956D46DE8}") = "test", "test", "{5A7B49A2-291A-4609-AA93-74212323F5CD}"
EndProject
Project("{2150E333-8FDC-42A3-9474-1A3956D46DE8}") = "samples", "samples", "{D92F69E7-3DE9-479D-A007-96C52ED3F39D}"
EndProject
Project("{FAE04EC0-301F-11D3-BF4B-00C04F79EFBC}") = "Confifu.Abstractions", "src\app\Confifu.Abstractions\Confifu.Abstractions.csproj", "{F805D519-BE03-44D5-904D-9D888DA2BCD6}"
EndProject
Project("{FAE04EC0-301F-11D3-BF4B-00C04F79EFBC}") = "Confifu.Abstractions.DependencyInjection", "src\app\Confifu.Abstractions.DependencyInjection\Confifu.Abstractions.DependencyInjection.csproj", "{F9359BDB-6CDB-4248-86E9-EF9990E001BB}"
EndProject
Project("{FAE04EC0-301F-11D3-BF4B-00C04F79EFBC}") = "Confifu", "src\app\Confifu\Confifu.csproj", "{97B0BA65-CEFE-4FE4-9D92-FEB111E35D3E}"
EndProject
Project("{FAE04EC0-301F-11D3-BF4B-00C04F79EFBC}") = "Confifu.Tests", "src\test\Confifu.Tests\Confifu.Tests.csproj", "{220C59FD-1DDB-44F0-BDDF-AE716D76EED8}"
EndProject
Project("{FAE04EC0-301F-11D3-BF4B-00C04F79EFBC}") = "Confifu.Samples.Library", "src\samples\Confifu.Samples.Library\Confifu.Samples.Library.csproj", "{525DA4C0-085D-4D66-B2CE-837A9892542F}"
EndProject
Project("{FAE04EC0-301F-11D3-BF4B-00C04F79EFBC}") = "Confifu.Samples.App", "src\samples\Confifu.Samples.App\Confifu.Samples.App.csproj", "{EAB7E5FC-CE0A-4469-B6AD-6B0F7D74BB94}"
EndProject
Project("{FAE04EC0-301F-11D3-BF4B-00C04F79EFBC}") = "Confifu.LibraryConfig", "src\app\Confifu.LibraryConfig\Confifu.LibraryConfig.csproj", "{A187E59A-B031-4815-9FB3-4E2C6CC5FDF3}"
EndProject
Project("{2150E333-8FDC-42A3-9474-1A3956D46DE8}") = ".sln", ".sln", "{CC408C3F-1C0B-498C-A043-DF8DD3F7FDE8}"
	ProjectSection(SolutionItems) = preProject
		build.fsx = build.fsx
	EndProjectSection
EndProject
Global
	GlobalSection(SolutionConfigurationPlatforms) = preSolution
		Debug|Any CPU = Debug|Any CPU
		Debug|x64 = Debug|x64
		Debug|x86 = Debug|x86
		Release|Any CPU = Release|Any CPU
		Release|x64 = Release|x64
		Release|x86 = Release|x86
	EndGlobalSection
	GlobalSection(ProjectConfigurationPlatforms) = postSolution
		{F805D519-BE03-44D5-904D-9D888DA2BCD6}.Debug|Any CPU.ActiveCfg = Debug|Any CPU
		{F805D519-BE03-44D5-904D-9D888DA2BCD6}.Debug|Any CPU.Build.0 = Debug|Any CPU
		{F805D519-BE03-44D5-904D-9D888DA2BCD6}.Debug|x64.ActiveCfg = Debug|x64
		{F805D519-BE03-44D5-904D-9D888DA2BCD6}.Debug|x64.Build.0 = Debug|x64
		{F805D519-BE03-44D5-904D-9D888DA2BCD6}.Debug|x86.ActiveCfg = Debug|x86
		{F805D519-BE03-44D5-904D-9D888DA2BCD6}.Debug|x86.Build.0 = Debug|x86
		{F805D519-BE03-44D5-904D-9D888DA2BCD6}.Release|Any CPU.ActiveCfg = Release|Any CPU
		{F805D519-BE03-44D5-904D-9D888DA2BCD6}.Release|Any CPU.Build.0 = Release|Any CPU
		{F805D519-BE03-44D5-904D-9D888DA2BCD6}.Release|x64.ActiveCfg = Release|x64
		{F805D519-BE03-44D5-904D-9D888DA2BCD6}.Release|x64.Build.0 = Release|x64
		{F805D519-BE03-44D5-904D-9D888DA2BCD6}.Release|x86.ActiveCfg = Release|x86
		{F805D519-BE03-44D5-904D-9D888DA2BCD6}.Release|x86.Build.0 = Release|x86
		{F9359BDB-6CDB-4248-86E9-EF9990E001BB}.Debug|Any CPU.ActiveCfg = Debug|Any CPU
		{F9359BDB-6CDB-4248-86E9-EF9990E001BB}.Debug|Any CPU.Build.0 = Debug|Any CPU
		{F9359BDB-6CDB-4248-86E9-EF9990E001BB}.Debug|x64.ActiveCfg = Debug|x64
		{F9359BDB-6CDB-4248-86E9-EF9990E001BB}.Debug|x64.Build.0 = Debug|x64
		{F9359BDB-6CDB-4248-86E9-EF9990E001BB}.Debug|x86.ActiveCfg = Debug|x86
		{F9359BDB-6CDB-4248-86E9-EF9990E001BB}.Debug|x86.Build.0 = Debug|x86
		{F9359BDB-6CDB-4248-86E9-EF9990E001BB}.Release|Any CPU.ActiveCfg = Release|Any CPU
		{F9359BDB-6CDB-4248-86E9-EF9990E001BB}.Release|Any CPU.Build.0 = Release|Any CPU
		{F9359BDB-6CDB-4248-86E9-EF9990E001BB}.Release|x64.ActiveCfg = Release|x64
		{F9359BDB-6CDB-4248-86E9-EF9990E001BB}.Release|x64.Build.0 = Release|x64
		{F9359BDB-6CDB-4248-86E9-EF9990E001BB}.Release|x86.ActiveCfg = Release|x86
		{F9359BDB-6CDB-4248-86E9-EF9990E001BB}.Release|x86.Build.0 = Release|x86
		{97B0BA65-CEFE-4FE4-9D92-FEB111E35D3E}.Debug|Any CPU.ActiveCfg = Debug|Any CPU
		{97B0BA65-CEFE-4FE4-9D92-FEB111E35D3E}.Debug|Any CPU.Build.0 = Debug|Any CPU
		{97B0BA65-CEFE-4FE4-9D92-FEB111E35D3E}.Debug|x64.ActiveCfg = Debug|x64
		{97B0BA65-CEFE-4FE4-9D92-FEB111E35D3E}.Debug|x64.Build.0 = Debug|x64
		{97B0BA65-CEFE-4FE4-9D92-FEB111E35D3E}.Debug|x86.ActiveCfg = Debug|x86
		{97B0BA65-CEFE-4FE4-9D92-FEB111E35D3E}.Debug|x86.Build.0 = Debug|x86
		{97B0BA65-CEFE-4FE4-9D92-FEB111E35D3E}.Release|Any CPU.ActiveCfg = Release|Any CPU
		{97B0BA65-CEFE-4FE4-9D92-FEB111E35D3E}.Release|Any CPU.Build.0 = Release|Any CPU
		{97B0BA65-CEFE-4FE4-9D92-FEB111E35D3E}.Release|x64.ActiveCfg = Release|x64
		{97B0BA65-CEFE-4FE4-9D92-FEB111E35D3E}.Release|x64.Build.0 = Release|x64
		{97B0BA65-CEFE-4FE4-9D92-FEB111E35D3E}.Release|x86.ActiveCfg = Release|x86
		{97B0BA65-CEFE-4FE4-9D92-FEB111E35D3E}.Release|x86.Build.0 = Release|x86
		{220C59FD-1DDB-44F0-BDDF-AE716D76EED8}.Debug|Any CPU.ActiveCfg = Debug|Any CPU
		{220C59FD-1DDB-44F0-BDDF-AE716D76EED8}.Debug|Any CPU.Build.0 = Debug|Any CPU
		{220C59FD-1DDB-44F0-BDDF-AE716D76EED8}.Debug|x64.ActiveCfg = Debug|x64
		{220C59FD-1DDB-44F0-BDDF-AE716D76EED8}.Debug|x64.Build.0 = Debug|x64
		{220C59FD-1DDB-44F0-BDDF-AE716D76EED8}.Debug|x86.ActiveCfg = Debug|x86
		{220C59FD-1DDB-44F0-BDDF-AE716D76EED8}.Debug|x86.Build.0 = Debug|x86
		{220C59FD-1DDB-44F0-BDDF-AE716D76EED8}.Release|Any CPU.ActiveCfg = Release|Any CPU
		{220C59FD-1DDB-44F0-BDDF-AE716D76EED8}.Release|Any CPU.Build.0 = Release|Any CPU
		{220C59FD-1DDB-44F0-BDDF-AE716D76EED8}.Release|x64.ActiveCfg = Release|x64
		{220C59FD-1DDB-44F0-BDDF-AE716D76EED8}.Release|x64.Build.0 = Release|x64
		{220C59FD-1DDB-44F0-BDDF-AE716D76EED8}.Release|x86.ActiveCfg = Release|x86
		{220C59FD-1DDB-44F0-BDDF-AE716D76EED8}.Release|x86.Build.0 = Release|x86
		{525DA4C0-085D-4D66-B2CE-837A9892542F}.Debug|Any CPU.ActiveCfg = Debug|Any CPU
		{525DA4C0-085D-4D66-B2CE-837A9892542F}.Debug|Any CPU.Build.0 = Debug|Any CPU
		{525DA4C0-085D-4D66-B2CE-837A9892542F}.Debug|x64.ActiveCfg = Debug|x64
		{525DA4C0-085D-4D66-B2CE-837A9892542F}.Debug|x64.Build.0 = Debug|x64
		{525DA4C0-085D-4D66-B2CE-837A9892542F}.Debug|x86.ActiveCfg = Debug|x86
		{525DA4C0-085D-4D66-B2CE-837A9892542F}.Debug|x86.Build.0 = Debug|x86
		{525DA4C0-085D-4D66-B2CE-837A9892542F}.Release|Any CPU.ActiveCfg = Release|Any CPU
		{525DA4C0-085D-4D66-B2CE-837A9892542F}.Release|Any CPU.Build.0 = Release|Any CPU
		{525DA4C0-085D-4D66-B2CE-837A9892542F}.Release|x64.ActiveCfg = Release|x64
		{525DA4C0-085D-4D66-B2CE-837A9892542F}.Release|x64.Build.0 = Release|x64
		{525DA4C0-085D-4D66-B2CE-837A9892542F}.Release|x86.ActiveCfg = Release|x86
		{525DA4C0-085D-4D66-B2CE-837A9892542F}.Release|x86.Build.0 = Release|x86
		{EAB7E5FC-CE0A-4469-B6AD-6B0F7D74BB94}.Debug|Any CPU.ActiveCfg = Debug|Any CPU
		{EAB7E5FC-CE0A-4469-B6AD-6B0F7D74BB94}.Debug|Any CPU.Build.0 = Debug|Any CPU
		{EAB7E5FC-CE0A-4469-B6AD-6B0F7D74BB94}.Debug|x64.ActiveCfg = Debug|x64
		{EAB7E5FC-CE0A-4469-B6AD-6B0F7D74BB94}.Debug|x64.Build.0 = Debug|x64
		{EAB7E5FC-CE0A-4469-B6AD-6B0F7D74BB94}.Debug|x86.ActiveCfg = Debug|x86
		{EAB7E5FC-CE0A-4469-B6AD-6B0F7D74BB94}.Debug|x86.Build.0 = Debug|x86
		{EAB7E5FC-CE0A-4469-B6AD-6B0F7D74BB94}.Release|Any CPU.ActiveCfg = Release|Any CPU
		{EAB7E5FC-CE0A-4469-B6AD-6B0F7D74BB94}.Release|Any CPU.Build.0 = Release|Any CPU
		{EAB7E5FC-CE0A-4469-B6AD-6B0F7D74BB94}.Release|x64.ActiveCfg = Release|x64
		{EAB7E5FC-CE0A-4469-B6AD-6B0F7D74BB94}.Release|x64.Build.0 = Release|x64
		{EAB7E5FC-CE0A-4469-B6AD-6B0F7D74BB94}.Release|x86.ActiveCfg = Release|x86
		{EAB7E5FC-CE0A-4469-B6AD-6B0F7D74BB94}.Release|x86.Build.0 = Release|x86
		{A187E59A-B031-4815-9FB3-4E2C6CC5FDF3}.Debug|Any CPU.ActiveCfg = Debug|Any CPU
		{A187E59A-B031-4815-9FB3-4E2C6CC5FDF3}.Debug|Any CPU.Build.0 = Debug|Any CPU
		{A187E59A-B031-4815-9FB3-4E2C6CC5FDF3}.Debug|x64.ActiveCfg = Debug|x64
		{A187E59A-B031-4815-9FB3-4E2C6CC5FDF3}.Debug|x64.Build.0 = Debug|x64
		{A187E59A-B031-4815-9FB3-4E2C6CC5FDF3}.Debug|x86.ActiveCfg = Debug|x86
		{A187E59A-B031-4815-9FB3-4E2C6CC5FDF3}.Debug|x86.Build.0 = Debug|x86
		{A187E59A-B031-4815-9FB3-4E2C6CC5FDF3}.Release|Any CPU.ActiveCfg = Release|Any CPU
		{A187E59A-B031-4815-9FB3-4E2C6CC5FDF3}.Release|Any CPU.Build.0 = Release|Any CPU
		{A187E59A-B031-4815-9FB3-4E2C6CC5FDF3}.Release|x64.ActiveCfg = Release|x64
		{A187E59A-B031-4815-9FB3-4E2C6CC5FDF3}.Release|x64.Build.0 = Release|x64
		{A187E59A-B031-4815-9FB3-4E2C6CC5FDF3}.Release|x86.ActiveCfg = Release|x86
		{A187E59A-B031-4815-9FB3-4E2C6CC5FDF3}.Release|x86.Build.0 = Release|x86
	EndGlobalSection
	GlobalSection(SolutionProperties) = preSolution
		HideSolutionNode = FALSE
	EndGlobalSection
	GlobalSection(NestedProjects) = preSolution
		{220C59FD-1DDB-44F0-BDDF-AE716D76EED8} = {5A7B49A2-291A-4609-AA93-74212323F5CD}
		{525DA4C0-085D-4D66-B2CE-837A9892542F} = {D92F69E7-3DE9-479D-A007-96C52ED3F39D}
		{EAB7E5FC-CE0A-4469-B6AD-6B0F7D74BB94} = {D92F69E7-3DE9-479D-A007-96C52ED3F39D}
	EndGlobalSection
EndGlobal
