
Microsoft Visual Studio Solution File, Format Version 12.00
# Visual Studio 14
VisualStudioVersion = 14.0.25420.1
MinimumVisualStudioVersion = 10.0.40219.1
Project("{2150E333-8FDC-42A3-9474-1A3956D46DE8}") = "test", "test", "{5A7B49A2-291A-4609-AA93-74212323F5CD}"
EndProject
Project("{2150E333-8FDC-42A3-9474-1A3956D46DE8}") = "samples", "samples", "{D92F69E7-3DE9-479D-A007-96C52ED3F39D}"
EndProject
Project("{2150E333-8FDC-42A3-9474-1A3956D46DE8}") = ".sln", ".sln", "{CC408C3F-1C0B-498C-A043-DF8DD3F7FDE8}"
	ProjectSection(SolutionItems) = preProject
		build.fsx = build.fsx
	EndProjectSection
EndProject
Project("{8BB2217D-0F2D-49D1-97BC-3654ED321F3B}") = "Confifu.Abstractions", "src\app\Confifu.Abstractions\Confifu.Abstractions.xproj", "{E4C9C9FB-3B9A-4095-B721-26E113318793}"
EndProject
Project("{8BB2217D-0F2D-49D1-97BC-3654ED321F3B}") = "Confifu", "src\app\Confifu\Confifu.xproj", "{13781088-6E24-4341-BB2F-9820DBC89B9F}"
EndProject
Project("{8BB2217D-0F2D-49D1-97BC-3654ED321F3B}") = "Confifu.Tests", "src\test\Confifu.Tests\Confifu.Tests.xproj", "{2F57B52B-CA28-48C0-A5DC-29BE361F4E26}"
EndProject
Project("{8BB2217D-0F2D-49D1-97BC-3654ED321F3B}") = "Confifu.Samples.Library", "src\samples\Confifu.Samples.Library\Confifu.Samples.Library.xproj", "{9813C725-2A3A-453C-AAB7-1921A37462D4}"
EndProject
Project("{8BB2217D-0F2D-49D1-97BC-3654ED321F3B}") = "Confifu.Samples.App", "src\samples\Confifu.Samples.App\Confifu.Samples.App.xproj", "{137A50D2-489D-4DB2-A9B5-A8BB968C471E}"
EndProject
Global
	GlobalSection(SolutionConfigurationPlatforms) = preSolution
		Debug|Any CPU = Debug|Any CPU
		Release|Any CPU = Release|Any CPU
	EndGlobalSection
	GlobalSection(ProjectConfigurationPlatforms) = postSolution
		{E4C9C9FB-3B9A-4095-B721-26E113318793}.Debug|Any CPU.ActiveCfg = Debug|Any CPU
		{E4C9C9FB-3B9A-4095-B721-26E113318793}.Debug|Any CPU.Build.0 = Debug|Any CPU
		{E4C9C9FB-3B9A-4095-B721-26E113318793}.Release|Any CPU.ActiveCfg = Release|Any CPU
		{E4C9C9FB-3B9A-4095-B721-26E113318793}.Release|Any CPU.Build.0 = Release|Any CPU
		{13781088-6E24-4341-BB2F-9820DBC89B9F}.Debug|Any CPU.ActiveCfg = Debug|Any CPU
		{13781088-6E24-4341-BB2F-9820DBC89B9F}.Debug|Any CPU.Build.0 = Debug|Any CPU
		{13781088-6E24-4341-BB2F-9820DBC89B9F}.Release|Any CPU.ActiveCfg = Release|Any CPU
		{13781088-6E24-4341-BB2F-9820DBC89B9F}.Release|Any CPU.Build.0 = Release|Any CPU
		{2F57B52B-CA28-48C0-A5DC-29BE361F4E26}.Debug|Any CPU.ActiveCfg = Debug|Any CPU
		{2F57B52B-CA28-48C0-A5DC-29BE361F4E26}.Debug|Any CPU.Build.0 = Debug|Any CPU
		{2F57B52B-CA28-48C0-A5DC-29BE361F4E26}.Release|Any CPU.ActiveCfg = Release|Any CPU
		{2F57B52B-CA28-48C0-A5DC-29BE361F4E26}.Release|Any CPU.Build.0 = Release|Any CPU
		{9813C725-2A3A-453C-AAB7-1921A37462D4}.Debug|Any CPU.ActiveCfg = Debug|Any CPU
		{9813C725-2A3A-453C-AAB7-1921A37462D4}.Debug|Any CPU.Build.0 = Debug|Any CPU
		{9813C725-2A3A-453C-AAB7-1921A37462D4}.Release|Any CPU.ActiveCfg = Release|Any CPU
		{9813C725-2A3A-453C-AAB7-1921A37462D4}.Release|Any CPU.Build.0 = Release|Any CPU
		{137A50D2-489D-4DB2-A9B5-A8BB968C471E}.Debug|Any CPU.ActiveCfg = Debug|Any CPU
		{137A50D2-489D-4DB2-A9B5-A8BB968C471E}.Debug|Any CPU.Build.0 = Debug|Any CPU
		{137A50D2-489D-4DB2-A9B5-A8BB968C471E}.Release|Any CPU.ActiveCfg = Release|Any CPU
		{137A50D2-489D-4DB2-A9B5-A8BB968C471E}.Release|Any CPU.Build.0 = Release|Any CPU
	EndGlobalSection
	GlobalSection(SolutionProperties) = preSolution
		HideSolutionNode = FALSE
	EndGlobalSection
	GlobalSection(NestedProjects) = preSolution
		{2F57B52B-CA28-48C0-A5DC-29BE361F4E26} = {5A7B49A2-291A-4609-AA93-74212323F5CD}
		{9813C725-2A3A-453C-AAB7-1921A37462D4} = {D92F69E7-3DE9-479D-A007-96C52ED3F39D}
		{137A50D2-489D-4DB2-A9B5-A8BB968C471E} = {D92F69E7-3DE9-479D-A007-96C52ED3F39D}
	EndGlobalSection
EndGlobal
