
Microsoft Visual Studio Solution File, Format Version 12.00
# Visual Studio 15
VisualStudioVersion = 15.0.26020.0
MinimumVisualStudioVersion = 10.0.40219.1
Project("{9A19103F-16F7-4668-BE54-9A1E7A4F7556}") = "Confifu.Abstractions", "src\app\Confifu.Abstractions\Confifu.Abstractions.csproj", "{F805D519-BE03-44D5-904D-9D888DA2BCD6}"
EndProject
Project("{9A19103F-16F7-4668-BE54-9A1E7A4F7556}") = "Confifu.Abstractions.DependencyInjection", "src\app\Confifu.Abstractions.DependencyInjection\Confifu.Abstractions.DependencyInjection.csproj", "{F9359BDB-6CDB-4248-86E9-EF9990E001BB}"
EndProject
Project("{9A19103F-16F7-4668-BE54-9A1E7A4F7556}") = "Confifu", "src\app\Confifu\Confifu.csproj", "{97B0BA65-CEFE-4FE4-9D92-FEB111E35D3E}"
EndProject
Project("{2150E333-8FDC-42A3-9474-1A3956D46DE8}") = "core", "core", "{D7FBD4EC-3955-4938-822A-C5D253F641E3}"
EndProject
Project("{FAE04EC0-301F-11D3-BF4B-00C04F79EFBC}") = "FluentScheduler.Confifu", "src\contrib\FluentScheduler.Confifu\FluentScheduler.Confifu.csproj", "{6BC6AC17-D7CD-4340-A4A1-2B4638BA9543}"
EndProject
Project("{2150E333-8FDC-42A3-9474-1A3956D46DE8}") = "test", "test", "{BD05A893-D1EF-44AD-98E5-E1909A5AF466}"
EndProject
Project("{FAE04EC0-301F-11D3-BF4B-00C04F79EFBC}") = "FluentScheduler.Confifu.Tests", "src\test\FluentScheduler.Confifu.Tests\FluentScheduler.Confifu.Tests.csproj", "{3C6BE0AE-1FF5-44A6-9083-2D2AAE816D7E}"
EndProject
Project("{FAE04EC0-301F-11D3-BF4B-00C04F79EFBC}") = "ServiceStack.Confifu", "src\contrib\ServiceStack.Confifu\ServiceStack.Confifu.csproj", "{6C62D3E3-A8DE-4AB8-AA26-B4A778187270}"
EndProject
Project("{FAE04EC0-301F-11D3-BF4B-00C04F79EFBC}") = "Confifu.Autofac", "src\contrib\Confifu.Autofac\Confifu.Autofac.csproj", "{C5B3DA39-FE15-49B2-88F1-9F646882B1B1}"
EndProject
Project("{9A19103F-16F7-4668-BE54-9A1E7A4F7556}") = "Confifu.LibraryConfig", "src\app\Confifu.LibraryConfig\Confifu.LibraryConfig.csproj", "{1F468023-005C-4D0F-A15E-D859D4688352}"
EndProject
Global
	GlobalSection(SolutionConfigurationPlatforms) = preSolution
		Debug|Any CPU = Debug|Any CPU
		Debug|x64 = Debug|x64
		Debug|x86 = Debug|x86
		Release|Any CPU = Release|Any CPU
		Release|x64 = Release|x64
		Release|x86 = Release|x86
	EndGlobalSection
	GlobalSection(ProjectConfigurationPlatforms) = postSolution
		{F805D519-BE03-44D5-904D-9D888DA2BCD6}.Debug|Any CPU.ActiveCfg = Debug|Any CPU
		{F805D519-BE03-44D5-904D-9D888DA2BCD6}.Debug|Any CPU.Build.0 = Debug|Any CPU
		{F805D519-BE03-44D5-904D-9D888DA2BCD6}.Debug|x64.ActiveCfg = Debug|x64
		{F805D519-BE03-44D5-904D-9D888DA2BCD6}.Debug|x64.Build.0 = Debug|x64
		{F805D519-BE03-44D5-904D-9D888DA2BCD6}.Debug|x86.ActiveCfg = Debug|x86
		{F805D519-BE03-44D5-904D-9D888DA2BCD6}.Debug|x86.Build.0 = Debug|x86
		{F805D519-BE03-44D5-904D-9D888DA2BCD6}.Release|Any CPU.ActiveCfg = Release|Any CPU
		{F805D519-BE03-44D5-904D-9D888DA2BCD6}.Release|Any CPU.Build.0 = Release|Any CPU
		{F805D519-BE03-44D5-904D-9D888DA2BCD6}.Release|x64.ActiveCfg = Release|x64
		{F805D519-BE03-44D5-904D-9D888DA2BCD6}.Release|x64.Build.0 = Release|x64
		{F805D519-BE03-44D5-904D-9D888DA2BCD6}.Release|x86.ActiveCfg = Release|x86
		{F805D519-BE03-44D5-904D-9D888DA2BCD6}.Release|x86.Build.0 = Release|x86
		{F9359BDB-6CDB-4248-86E9-EF9990E001BB}.Debug|Any CPU.ActiveCfg = Debug|Any CPU
		{F9359BDB-6CDB-4248-86E9-EF9990E001BB}.Debug|Any CPU.Build.0 = Debug|Any CPU
		{F9359BDB-6CDB-4248-86E9-EF9990E001BB}.Debug|x64.ActiveCfg = Debug|x64
		{F9359BDB-6CDB-4248-86E9-EF9990E001BB}.Debug|x64.Build.0 = Debug|x64
		{F9359BDB-6CDB-4248-86E9-EF9990E001BB}.Debug|x86.ActiveCfg = Debug|x86
		{F9359BDB-6CDB-4248-86E9-EF9990E001BB}.Debug|x86.Build.0 = Debug|x86
		{F9359BDB-6CDB-4248-86E9-EF9990E001BB}.Release|Any CPU.ActiveCfg = Release|Any CPU
		{F9359BDB-6CDB-4248-86E9-EF9990E001BB}.Release|Any CPU.Build.0 = Release|Any CPU
		{F9359BDB-6CDB-4248-86E9-EF9990E001BB}.Release|x64.ActiveCfg = Release|x64
		{F9359BDB-6CDB-4248-86E9-EF9990E001BB}.Release|x64.Build.0 = Release|x64
		{F9359BDB-6CDB-4248-86E9-EF9990E001BB}.Release|x86.ActiveCfg = Release|x86
		{F9359BDB-6CDB-4248-86E9-EF9990E001BB}.Release|x86.Build.0 = Release|x86
		{97B0BA65-CEFE-4FE4-9D92-FEB111E35D3E}.Debug|Any CPU.ActiveCfg = Debug|Any CPU
		{97B0BA65-CEFE-4FE4-9D92-FEB111E35D3E}.Debug|Any CPU.Build.0 = Debug|Any CPU
		{97B0BA65-CEFE-4FE4-9D92-FEB111E35D3E}.Debug|x64.ActiveCfg = Debug|x64
		{97B0BA65-CEFE-4FE4-9D92-FEB111E35D3E}.Debug|x64.Build.0 = Debug|x64
		{97B0BA65-CEFE-4FE4-9D92-FEB111E35D3E}.Debug|x86.ActiveCfg = Debug|x86
		{97B0BA65-CEFE-4FE4-9D92-FEB111E35D3E}.Debug|x86.Build.0 = Debug|x86
		{97B0BA65-CEFE-4FE4-9D92-FEB111E35D3E}.Release|Any CPU.ActiveCfg = Release|Any CPU
		{97B0BA65-CEFE-4FE4-9D92-FEB111E35D3E}.Release|Any CPU.Build.0 = Release|Any CPU
		{97B0BA65-CEFE-4FE4-9D92-FEB111E35D3E}.Release|x64.ActiveCfg = Release|x64
		{97B0BA65-CEFE-4FE4-9D92-FEB111E35D3E}.Release|x64.Build.0 = Release|x64
		{97B0BA65-CEFE-4FE4-9D92-FEB111E35D3E}.Release|x86.ActiveCfg = Release|x86
		{97B0BA65-CEFE-4FE4-9D92-FEB111E35D3E}.Release|x86.Build.0 = Release|x86
		{6BC6AC17-D7CD-4340-A4A1-2B4638BA9543}.Debug|Any CPU.ActiveCfg = Debug|Any CPU
		{6BC6AC17-D7CD-4340-A4A1-2B4638BA9543}.Debug|Any CPU.Build.0 = Debug|Any CPU
		{6BC6AC17-D7CD-4340-A4A1-2B4638BA9543}.Debug|x64.ActiveCfg = Debug|x64
		{6BC6AC17-D7CD-4340-A4A1-2B4638BA9543}.Debug|x64.Build.0 = Debug|x64
		{6BC6AC17-D7CD-4340-A4A1-2B4638BA9543}.Debug|x86.ActiveCfg = Debug|x86
		{6BC6AC17-D7CD-4340-A4A1-2B4638BA9543}.Debug|x86.Build.0 = Debug|x86
		{6BC6AC17-D7CD-4340-A4A1-2B4638BA9543}.Release|Any CPU.ActiveCfg = Release|Any CPU
		{6BC6AC17-D7CD-4340-A4A1-2B4638BA9543}.Release|Any CPU.Build.0 = Release|Any CPU
		{6BC6AC17-D7CD-4340-A4A1-2B4638BA9543}.Release|x64.ActiveCfg = Release|x64
		{6BC6AC17-D7CD-4340-A4A1-2B4638BA9543}.Release|x64.Build.0 = Release|x64
		{6BC6AC17-D7CD-4340-A4A1-2B4638BA9543}.Release|x86.ActiveCfg = Release|x86
		{6BC6AC17-D7CD-4340-A4A1-2B4638BA9543}.Release|x86.Build.0 = Release|x86
		{3C6BE0AE-1FF5-44A6-9083-2D2AAE816D7E}.Debug|Any CPU.ActiveCfg = Debug|Any CPU
		{3C6BE0AE-1FF5-44A6-9083-2D2AAE816D7E}.Debug|Any CPU.Build.0 = Debug|Any CPU
		{3C6BE0AE-1FF5-44A6-9083-2D2AAE816D7E}.Debug|x64.ActiveCfg = Debug|x64
		{3C6BE0AE-1FF5-44A6-9083-2D2AAE816D7E}.Debug|x64.Build.0 = Debug|x64
		{3C6BE0AE-1FF5-44A6-9083-2D2AAE816D7E}.Debug|x86.ActiveCfg = Debug|x86
		{3C6BE0AE-1FF5-44A6-9083-2D2AAE816D7E}.Debug|x86.Build.0 = Debug|x86
		{3C6BE0AE-1FF5-44A6-9083-2D2AAE816D7E}.Release|Any CPU.ActiveCfg = Release|Any CPU
		{3C6BE0AE-1FF5-44A6-9083-2D2AAE816D7E}.Release|Any CPU.Build.0 = Release|Any CPU
		{3C6BE0AE-1FF5-44A6-9083-2D2AAE816D7E}.Release|x64.ActiveCfg = Release|x64
		{3C6BE0AE-1FF5-44A6-9083-2D2AAE816D7E}.Release|x64.Build.0 = Release|x64
		{3C6BE0AE-1FF5-44A6-9083-2D2AAE816D7E}.Release|x86.ActiveCfg = Release|x86
		{3C6BE0AE-1FF5-44A6-9083-2D2AAE816D7E}.Release|x86.Build.0 = Release|x86
		{6C62D3E3-A8DE-4AB8-AA26-B4A778187270}.Debug|Any CPU.ActiveCfg = Debug|Any CPU
		{6C62D3E3-A8DE-4AB8-AA26-B4A778187270}.Debug|Any CPU.Build.0 = Debug|Any CPU
		{6C62D3E3-A8DE-4AB8-AA26-B4A778187270}.Debug|x64.ActiveCfg = Debug|x64
		{6C62D3E3-A8DE-4AB8-AA26-B4A778187270}.Debug|x64.Build.0 = Debug|x64
		{6C62D3E3-A8DE-4AB8-AA26-B4A778187270}.Debug|x86.ActiveCfg = Debug|x86
		{6C62D3E3-A8DE-4AB8-AA26-B4A778187270}.Debug|x86.Build.0 = Debug|x86
		{6C62D3E3-A8DE-4AB8-AA26-B4A778187270}.Release|Any CPU.ActiveCfg = Release|Any CPU
		{6C62D3E3-A8DE-4AB8-AA26-B4A778187270}.Release|Any CPU.Build.0 = Release|Any CPU
		{6C62D3E3-A8DE-4AB8-AA26-B4A778187270}.Release|x64.ActiveCfg = Release|x64
		{6C62D3E3-A8DE-4AB8-AA26-B4A778187270}.Release|x64.Build.0 = Release|x64
		{6C62D3E3-A8DE-4AB8-AA26-B4A778187270}.Release|x86.ActiveCfg = Release|x86
		{6C62D3E3-A8DE-4AB8-AA26-B4A778187270}.Release|x86.Build.0 = Release|x86
		{C5B3DA39-FE15-49B2-88F1-9F646882B1B1}.Debug|Any CPU.ActiveCfg = Debug|Any CPU
		{C5B3DA39-FE15-49B2-88F1-9F646882B1B1}.Debug|Any CPU.Build.0 = Debug|Any CPU
		{C5B3DA39-FE15-49B2-88F1-9F646882B1B1}.Debug|x64.ActiveCfg = Debug|x64
		{C5B3DA39-FE15-49B2-88F1-9F646882B1B1}.Debug|x64.Build.0 = Debug|x64
		{C5B3DA39-FE15-49B2-88F1-9F646882B1B1}.Debug|x86.ActiveCfg = Debug|x86
		{C5B3DA39-FE15-49B2-88F1-9F646882B1B1}.Debug|x86.Build.0 = Debug|x86
		{C5B3DA39-FE15-49B2-88F1-9F646882B1B1}.Release|Any CPU.ActiveCfg = Release|Any CPU
		{C5B3DA39-FE15-49B2-88F1-9F646882B1B1}.Release|Any CPU.Build.0 = Release|Any CPU
		{C5B3DA39-FE15-49B2-88F1-9F646882B1B1}.Release|x64.ActiveCfg = Release|x64
		{C5B3DA39-FE15-49B2-88F1-9F646882B1B1}.Release|x64.Build.0 = Release|x64
		{C5B3DA39-FE15-49B2-88F1-9F646882B1B1}.Release|x86.ActiveCfg = Release|x86
		{C5B3DA39-FE15-49B2-88F1-9F646882B1B1}.Release|x86.Build.0 = Release|x86
		{1F468023-005C-4D0F-A15E-D859D4688352}.Debug|Any CPU.ActiveCfg = Debug|Any CPU
		{1F468023-005C-4D0F-A15E-D859D4688352}.Debug|Any CPU.Build.0 = Debug|Any CPU
		{1F468023-005C-4D0F-A15E-D859D4688352}.Debug|x64.ActiveCfg = Debug|x64
		{1F468023-005C-4D0F-A15E-D859D4688352}.Debug|x64.Build.0 = Debug|x64
		{1F468023-005C-4D0F-A15E-D859D4688352}.Debug|x86.ActiveCfg = Debug|x86
		{1F468023-005C-4D0F-A15E-D859D4688352}.Debug|x86.Build.0 = Debug|x86
		{1F468023-005C-4D0F-A15E-D859D4688352}.Release|Any CPU.ActiveCfg = Release|Any CPU
		{1F468023-005C-4D0F-A15E-D859D4688352}.Release|Any CPU.Build.0 = Release|Any CPU
		{1F468023-005C-4D0F-A15E-D859D4688352}.Release|x64.ActiveCfg = Release|x64
		{1F468023-005C-4D0F-A15E-D859D4688352}.Release|x64.Build.0 = Release|x64
		{1F468023-005C-4D0F-A15E-D859D4688352}.Release|x86.ActiveCfg = Release|x86
		{1F468023-005C-4D0F-A15E-D859D4688352}.Release|x86.Build.0 = Release|x86
	EndGlobalSection
	GlobalSection(SolutionProperties) = preSolution
		HideSolutionNode = FALSE
	EndGlobalSection
	GlobalSection(NestedProjects) = preSolution
		{F805D519-BE03-44D5-904D-9D888DA2BCD6} = {D7FBD4EC-3955-4938-822A-C5D253F641E3}
		{F9359BDB-6CDB-4248-86E9-EF9990E001BB} = {D7FBD4EC-3955-4938-822A-C5D253F641E3}
		{97B0BA65-CEFE-4FE4-9D92-FEB111E35D3E} = {D7FBD4EC-3955-4938-822A-C5D253F641E3}
		{3C6BE0AE-1FF5-44A6-9083-2D2AAE816D7E} = {BD05A893-D1EF-44AD-98E5-E1909A5AF466}
		{1F468023-005C-4D0F-A15E-D859D4688352} = {D7FBD4EC-3955-4938-822A-C5D253F641E3}
	EndGlobalSection
EndGlobal
